
Microsoft Visual Studio Solution File, Format Version 12.00
# Visual Studio Version 17
VisualStudioVersion = 17.12.35527.113 d17.12
MinimumVisualStudioVersion = 10.0.40219.1
Project("{FAE04EC0-301F-11D3-BF4B-00C04F79EFBC}") = "Data", "Data\Data.csproj", "{8EAA2A0B-F253-49E9-AA52-40DD5767E975}"
EndProject
Project("{FAE04EC0-301F-11D3-BF4B-00C04F79EFBC}") = "Presentation", "Presentation\Presentation.csproj", "{76D89318-4E15-4159-B95B-F8878A264043}"
EndProject
Project("{FAE04EC0-301F-11D3-BF4B-00C04F79EFBC}") = "Business", "Business\Business.csproj", "{1660E9A0-1FB7-41F5-8B1A-367839C223CF}"
EndProject
Global
	GlobalSection(SolutionConfigurationPlatforms) = preSolution
		Debug|Any CPU = Debug|Any CPU
		Release|Any CPU = Release|Any CPU
	EndGlobalSection
	GlobalSection(ProjectConfigurationPlatforms) = postSolution
		{8EAA2A0B-F253-49E9-AA52-40DD5767E975}.Debug|Any CPU.ActiveCfg = Debug|Any CPU
		{8EAA2A0B-F253-49E9-AA52-40DD5767E975}.Debug|Any CPU.Build.0 = Debug|Any CPU
		{8EAA2A0B-F253-49E9-AA52-40DD5767E975}.Release|Any CPU.ActiveCfg = Release|Any CPU
		{8EAA2A0B-F253-49E9-AA52-40DD5767E975}.Release|Any CPU.Build.0 = Release|Any CPU
		{76D89318-4E15-4159-B95B-F8878A264043}.Debug|Any CPU.ActiveCfg = Debug|Any CPU
		{76D89318-4E15-4159-B95B-F8878A264043}.Debug|Any CPU.Build.0 = Debug|Any CPU
		{76D89318-4E15-4159-B95B-F8878A264043}.Release|Any CPU.ActiveCfg = Release|Any CPU
		{76D89318-4E15-4159-B95B-F8878A264043}.Release|Any CPU.Build.0 = Release|Any CPU
		{1660E9A0-1FB7-41F5-8B1A-367839C223CF}.Debug|Any CPU.ActiveCfg = Debug|Any CPU
		{1660E9A0-1FB7-41F5-8B1A-367839C223CF}.Debug|Any CPU.Build.0 = Debug|Any CPU
		{1660E9A0-1FB7-41F5-8B1A-367839C223CF}.Release|Any CPU.ActiveCfg = Release|Any CPU
		{1660E9A0-1FB7-41F5-8B1A-367839C223CF}.Release|Any CPU.Build.0 = Release|Any CPU
	EndGlobalSection
	GlobalSection(SolutionProperties) = preSolution
		HideSolutionNode = FALSE
	EndGlobalSection
EndGlobal
